
Microsoft Visual Studio Solution File, Format Version 12.00
# Visual Studio Version 17
VisualStudioVersion = 17.2.32526.322
MinimumVisualStudioVersion = 10.0.40219.1
Project("{9A19103F-16F7-4668-BE54-9A1E7A4F7556}") = "DataAccess", "DataAccess\DataAccess.csproj", "{32447289-1F6E-4015-BD3A-E36F34B09286}"
EndProject
Project("{9A19103F-16F7-4668-BE54-9A1E7A4F7556}") = "Business", "Business\Business.csproj", "{A5A3FAD0-0004-400A-8F17-1079FBDD7000}"
EndProject
Project("{9A19103F-16F7-4668-BE54-9A1E7A4F7556}") = "UIWeb", "UIWeb\UIWeb.csproj", "{779A4E68-27C6-43BE-8061-4B05137FFE88}"
EndProject
Global
	GlobalSection(SolutionConfigurationPlatforms) = preSolution
		Debug|Any CPU = Debug|Any CPU
		Release|Any CPU = Release|Any CPU
	EndGlobalSection
	GlobalSection(ProjectConfigurationPlatforms) = postSolution
		{32447289-1F6E-4015-BD3A-E36F34B09286}.Debug|Any CPU.ActiveCfg = Debug|Any CPU
		{32447289-1F6E-4015-BD3A-E36F34B09286}.Debug|Any CPU.Build.0 = Debug|Any CPU
		{32447289-1F6E-4015-BD3A-E36F34B09286}.Release|Any CPU.ActiveCfg = Release|Any CPU
		{32447289-1F6E-4015-BD3A-E36F34B09286}.Release|Any CPU.Build.0 = Release|Any CPU
		{A5A3FAD0-0004-400A-8F17-1079FBDD7000}.Debug|Any CPU.ActiveCfg = Debug|Any CPU
		{A5A3FAD0-0004-400A-8F17-1079FBDD7000}.Debug|Any CPU.Build.0 = Debug|Any CPU
		{A5A3FAD0-0004-400A-8F17-1079FBDD7000}.Release|Any CPU.ActiveCfg = Release|Any CPU
		{A5A3FAD0-0004-400A-8F17-1079FBDD7000}.Release|Any CPU.Build.0 = Release|Any CPU
		{779A4E68-27C6-43BE-8061-4B05137FFE88}.Debug|Any CPU.ActiveCfg = Debug|Any CPU
		{779A4E68-27C6-43BE-8061-4B05137FFE88}.Debug|Any CPU.Build.0 = Debug|Any CPU
		{779A4E68-27C6-43BE-8061-4B05137FFE88}.Release|Any CPU.ActiveCfg = Release|Any CPU
		{779A4E68-27C6-43BE-8061-4B05137FFE88}.Release|Any CPU.Build.0 = Release|Any CPU
	EndGlobalSection
	GlobalSection(SolutionProperties) = preSolution
		HideSolutionNode = FALSE
	EndGlobalSection
	GlobalSection(ExtensibilityGlobals) = postSolution
		SolutionGuid = {2782704C-71A8-4DF5-91F7-3E3726C3CD22}
	EndGlobalSection
EndGlobal
